
Microsoft Visual Studio Solution File, Format Version 12.00
# Visual Studio Version 17
VisualStudioVersion = 17.6.33829.357
MinimumVisualStudioVersion = 10.0.40219.1
Project("{9A19103F-16F7-4668-BE54-9A1E7A4F7556}") = "Entities", "Entities\Entities.csproj", "{0B43C13B-E7B5-4006-83A3-49F496E3B864}"
EndProject
Project("{9A19103F-16F7-4668-BE54-9A1E7A4F7556}") = "DataAccess", "DataAccess\DataAccess.csproj", "{3A9549AA-9915-4F8A-AB83-6AFCCD2B005C}"
EndProject
Project("{9A19103F-16F7-4668-BE54-9A1E7A4F7556}") = "Business", "Business\Business.csproj", "{64898AEE-465E-4E4E-8E72-E58EEA5DAB96}"
EndProject
Project("{9A19103F-16F7-4668-BE54-9A1E7A4F7556}") = "ConsoleUII", "ConsoleUII\ConsoleUII.csproj", "{30917803-9EA4-4C0B-891E-27D334316CD7}"
EndProject
Project("{9A19103F-16F7-4668-BE54-9A1E7A4F7556}") = "Core", "Core\Core.csproj", "{9B49858D-88FE-419F-BE61-27649E779599}"
EndProject
Project("{FAE04EC0-301F-11D3-BF4B-00C04F79EFBC}") = "WebApii", "WebApii\WebApii.csproj", "{33329962-3687-495D-800A-37CFDD642DF3}"
EndProject
Global
	GlobalSection(SolutionConfigurationPlatforms) = preSolution
		Debug|Any CPU = Debug|Any CPU
		Release|Any CPU = Release|Any CPU
	EndGlobalSection
	GlobalSection(ProjectConfigurationPlatforms) = postSolution
		{0B43C13B-E7B5-4006-83A3-49F496E3B864}.Debug|Any CPU.ActiveCfg = Debug|Any CPU
		{0B43C13B-E7B5-4006-83A3-49F496E3B864}.Debug|Any CPU.Build.0 = Debug|Any CPU
		{0B43C13B-E7B5-4006-83A3-49F496E3B864}.Release|Any CPU.ActiveCfg = Release|Any CPU
		{0B43C13B-E7B5-4006-83A3-49F496E3B864}.Release|Any CPU.Build.0 = Release|Any CPU
		{3A9549AA-9915-4F8A-AB83-6AFCCD2B005C}.Debug|Any CPU.ActiveCfg = Debug|Any CPU
		{3A9549AA-9915-4F8A-AB83-6AFCCD2B005C}.Debug|Any CPU.Build.0 = Debug|Any CPU
		{3A9549AA-9915-4F8A-AB83-6AFCCD2B005C}.Release|Any CPU.ActiveCfg = Release|Any CPU
		{3A9549AA-9915-4F8A-AB83-6AFCCD2B005C}.Release|Any CPU.Build.0 = Release|Any CPU
		{64898AEE-465E-4E4E-8E72-E58EEA5DAB96}.Debug|Any CPU.ActiveCfg = Debug|Any CPU
		{64898AEE-465E-4E4E-8E72-E58EEA5DAB96}.Debug|Any CPU.Build.0 = Debug|Any CPU
		{64898AEE-465E-4E4E-8E72-E58EEA5DAB96}.Release|Any CPU.ActiveCfg = Release|Any CPU
		{64898AEE-465E-4E4E-8E72-E58EEA5DAB96}.Release|Any CPU.Build.0 = Release|Any CPU
		{30917803-9EA4-4C0B-891E-27D334316CD7}.Debug|Any CPU.ActiveCfg = Debug|Any CPU
		{30917803-9EA4-4C0B-891E-27D334316CD7}.Debug|Any CPU.Build.0 = Debug|Any CPU
		{30917803-9EA4-4C0B-891E-27D334316CD7}.Release|Any CPU.ActiveCfg = Release|Any CPU
		{30917803-9EA4-4C0B-891E-27D334316CD7}.Release|Any CPU.Build.0 = Release|Any CPU
		{9B49858D-88FE-419F-BE61-27649E779599}.Debug|Any CPU.ActiveCfg = Debug|Any CPU
		{9B49858D-88FE-419F-BE61-27649E779599}.Debug|Any CPU.Build.0 = Debug|Any CPU
		{9B49858D-88FE-419F-BE61-27649E779599}.Release|Any CPU.ActiveCfg = Release|Any CPU
		{9B49858D-88FE-419F-BE61-27649E779599}.Release|Any CPU.Build.0 = Release|Any CPU
		{33329962-3687-495D-800A-37CFDD642DF3}.Debug|Any CPU.ActiveCfg = Debug|Any CPU
		{33329962-3687-495D-800A-37CFDD642DF3}.Debug|Any CPU.Build.0 = Debug|Any CPU
		{33329962-3687-495D-800A-37CFDD642DF3}.Release|Any CPU.ActiveCfg = Release|Any CPU
		{33329962-3687-495D-800A-37CFDD642DF3}.Release|Any CPU.Build.0 = Release|Any CPU
	EndGlobalSection
	GlobalSection(SolutionProperties) = preSolution
		HideSolutionNode = FALSE
	EndGlobalSection
	GlobalSection(ExtensibilityGlobals) = postSolution
		SolutionGuid = {5D8E4F38-BC50-4663-ABC4-928E5ABAFD5E}
	EndGlobalSection
EndGlobal
